
Microsoft Visual Studio Solution File, Format Version 12.00
# Visual Studio Version 17
VisualStudioVersion = 17.14.36518.9 d17.14
MinimumVisualStudioVersion = 10.0.40219.1
Project("{FAE04EC0-301F-11D3-BF4B-00C04F79EFBC}") = "MauiAppJogoDaVelha", "MauiAppJogoDaVelha\MauiAppJogoDaVelha.csproj", "{EC2E346F-95F3-497C-9411-ACE39010923E}"
EndProject
Global
	GlobalSection(SolutionConfigurationPlatforms) = preSolution
		Debug|Any CPU = Debug|Any CPU
		Release|Any CPU = Release|Any CPU
	EndGlobalSection
	GlobalSection(ProjectConfigurationPlatforms) = postSolution
		{EC2E346F-95F3-497C-9411-ACE39010923E}.Debug|Any CPU.ActiveCfg = Debug|Any CPU
		{EC2E346F-95F3-497C-9411-ACE39010923E}.Debug|Any CPU.Build.0 = Debug|Any CPU
		{EC2E346F-95F3-497C-9411-ACE39010923E}.Debug|Any CPU.Deploy.0 = Debug|Any CPU
		{EC2E346F-95F3-497C-9411-ACE39010923E}.Release|Any CPU.ActiveCfg = Release|Any CPU
		{EC2E346F-95F3-497C-9411-ACE39010923E}.Release|Any CPU.Build.0 = Release|Any CPU
	EndGlobalSection
	GlobalSection(SolutionProperties) = preSolution
		HideSolutionNode = FALSE
	EndGlobalSection
	GlobalSection(ExtensibilityGlobals) = postSolution
		SolutionGuid = {950564BE-2311-418E-A681-ECAD628F9FD8}
	EndGlobalSection
EndGlobal
